
Microsoft Visual Studio Solution File, Format Version 12.00
# Visual Studio Version 16
VisualStudioVersion = 16.0.30907.101
MinimumVisualStudioVersion = 10.0.40219.1
Project("{FAE04EC0-301F-11D3-BF4B-00C04F79EFBC}") = "ConsumirSEGIP", "ConsumirSEGIP\ConsumirSEGIP.csproj", "{03F6ED8E-2DCF-4014-82C5-57B004FFA11B}"
EndProject
Global
	GlobalSection(SolutionConfigurationPlatforms) = preSolution
		Debug|Any CPU = Debug|Any CPU
		Release|Any CPU = Release|Any CPU
	EndGlobalSection
	GlobalSection(ProjectConfigurationPlatforms) = postSolution
		{03F6ED8E-2DCF-4014-82C5-57B004FFA11B}.Debug|Any CPU.ActiveCfg = Debug|Any CPU
		{03F6ED8E-2DCF-4014-82C5-57B004FFA11B}.Debug|Any CPU.Build.0 = Debug|Any CPU
		{03F6ED8E-2DCF-4014-82C5-57B004FFA11B}.Release|Any CPU.ActiveCfg = Release|Any CPU
		{03F6ED8E-2DCF-4014-82C5-57B004FFA11B}.Release|Any CPU.Build.0 = Release|Any CPU
	EndGlobalSection
	GlobalSection(SolutionProperties) = preSolution
		HideSolutionNode = FALSE
	EndGlobalSection
	GlobalSection(ExtensibilityGlobals) = postSolution
		SolutionGuid = {35FD2F97-F470-4E67-9B55-A76ABBC789B9}
	EndGlobalSection
EndGlobal
