
Microsoft Visual Studio Solution File, Format Version 12.00
# Visual Studio Version 16
VisualStudioVersion = 16.0.30907.101
MinimumVisualStudioVersion = 10.0.40219.1
Project("{FAE04EC0-301F-11D3-BF4B-00C04F79EFBC}") = "OperacionesConsola", "OperacionesConsola\OperacionesConsola.csproj", "{23241744-C102-4303-BC45-321CDE87B07D}"
EndProject
Global
	GlobalSection(SolutionConfigurationPlatforms) = preSolution
		Debug|Any CPU = Debug|Any CPU
		Release|Any CPU = Release|Any CPU
	EndGlobalSection
	GlobalSection(ProjectConfigurationPlatforms) = postSolution
		{23241744-C102-4303-BC45-321CDE87B07D}.Debug|Any CPU.ActiveCfg = Debug|Any CPU
		{23241744-C102-4303-BC45-321CDE87B07D}.Debug|Any CPU.Build.0 = Debug|Any CPU
		{23241744-C102-4303-BC45-321CDE87B07D}.Release|Any CPU.ActiveCfg = Release|Any CPU
		{23241744-C102-4303-BC45-321CDE87B07D}.Release|Any CPU.Build.0 = Release|Any CPU
	EndGlobalSection
	GlobalSection(SolutionProperties) = preSolution
		HideSolutionNode = FALSE
	EndGlobalSection
	GlobalSection(ExtensibilityGlobals) = postSolution
		SolutionGuid = {0203C1E1-8BD7-4612-A1B2-7C96F7FEF2FB}
	EndGlobalSection
EndGlobal
